
Microsoft Visual Studio Solution File, Format Version 12.00
# Visual Studio Version 17
VisualStudioVersion = 17.9.34723.18
MinimumVisualStudioVersion = 10.0.40219.1
Project("{FAE04EC0-301F-11D3-BF4B-00C04F79EFBC}") = "Examen2A", "Examen2A.csproj", "{E1ED0F5A-5063-49F9-BC31-A3C400FE604C}"
EndProject
Global
	GlobalSection(SolutionConfigurationPlatforms) = preSolution
		Debug|Any CPU = Debug|Any CPU
		Release|Any CPU = Release|Any CPU
	EndGlobalSection
	GlobalSection(ProjectConfigurationPlatforms) = postSolution
		{E1ED0F5A-5063-49F9-BC31-A3C400FE604C}.Debug|Any CPU.ActiveCfg = Debug|Any CPU
		{E1ED0F5A-5063-49F9-BC31-A3C400FE604C}.Debug|Any CPU.Build.0 = Debug|Any CPU
		{E1ED0F5A-5063-49F9-BC31-A3C400FE604C}.Release|Any CPU.ActiveCfg = Release|Any CPU
		{E1ED0F5A-5063-49F9-BC31-A3C400FE604C}.Release|Any CPU.Build.0 = Release|Any CPU
	EndGlobalSection
	GlobalSection(SolutionProperties) = preSolution
		HideSolutionNode = FALSE
	EndGlobalSection
	GlobalSection(ExtensibilityGlobals) = postSolution
		SolutionGuid = {2D1C953F-3F66-4DA7-992D-AFEBD0236C91}
	EndGlobalSection
EndGlobal
